# This file is autogenerated, do not edit; changes may be undone by the next 'dep ensure'.


[[projects]]
  branch = "master"
  digest = "1:6481b321e52388f6d8a66f6f0fb8cd64c51a704acc9b94b793579f19dc87aa49"
  name = "golang.org/x/crypto"
  packages = [
    "blowfish",
    "chacha20",
    "curve25519",
    "ed25519",
    "ed25519/internal/edwards25519",
    "internal/subtle",
    "poly1305",
    "ssh",
    "ssh/internal/bcrypt_pbkdf",
  ]
  pruneopts = "UT"
  revision = "4b2356b1ed79e6be3deca3737a3db3d132d2847a"

[[projects]]
  branch = "master"
  digest = "1:0110babbeb34e338aca6f831fcd8c4eb32a5e5844ca1b8d25a95a56308028e53"
  name = "golang.org/x/sys"
  packages = ["cpu"]
  pruneopts = "UT"
  revision = "bc7a7d42d5c30f4d0fe808715c002826ce2c624e"

[[projects]]
  digest = "1:55b110c99c5fdc4f14930747326acce56b52cfce60b24b1c03ef686ac0e46bb1"
  name = "gopkg.in/yaml.v2"
  packages = ["."]
  pruneopts = "UT"
  revision = "53403b58ad1b561927d19068c655246f2db79d48"
  version = "v2.2.8"

[solve-meta]
  analyzer-name = "dep"
  analyzer-version = 1
  input-imports = [
    "golang.org/x/crypto/ssh",
    "gopkg.in/yaml.v2",
  ]
  solver-name = "gps-cdcl"
  solver-version = 1
